
Microsoft Visual Studio Solution File, Format Version 12.00
# Visual Studio Version 17
VisualStudioVersion = 17.9.34902.65
MinimumVisualStudioVersion = 10.0.40219.1
Project("{FAE04EC0-301F-11D3-BF4B-00C04F79EFBC}") = "WindowsFormsApp1", "WindowsFormsApp1\WindowsFormsApp1.csproj", "{F83C9CD9-ED27-407A-B4F0-93707A6E922F}"
EndProject
Project("{FAE04EC0-301F-11D3-BF4B-00C04F79EFBC}") = "CalculatorPrivateAssembly1", "CalculatorPrivateAssembly1\CalculatorPrivateAssembly1.csproj", "{ECADC3C6-A2C0-4D50-9F3B-F0042EE08E9E}"
EndProject
Global
	GlobalSection(SolutionConfigurationPlatforms) = preSolution
		Debug|Any CPU = Debug|Any CPU
		Release|Any CPU = Release|Any CPU
	EndGlobalSection
	GlobalSection(ProjectConfigurationPlatforms) = postSolution
		{F83C9CD9-ED27-407A-B4F0-93707A6E922F}.Debug|Any CPU.ActiveCfg = Debug|Any CPU
		{F83C9CD9-ED27-407A-B4F0-93707A6E922F}.Debug|Any CPU.Build.0 = Debug|Any CPU
		{F83C9CD9-ED27-407A-B4F0-93707A6E922F}.Release|Any CPU.ActiveCfg = Release|Any CPU
		{F83C9CD9-ED27-407A-B4F0-93707A6E922F}.Release|Any CPU.Build.0 = Release|Any CPU
		{ECADC3C6-A2C0-4D50-9F3B-F0042EE08E9E}.Debug|Any CPU.ActiveCfg = Debug|Any CPU
		{ECADC3C6-A2C0-4D50-9F3B-F0042EE08E9E}.Debug|Any CPU.Build.0 = Debug|Any CPU
		{ECADC3C6-A2C0-4D50-9F3B-F0042EE08E9E}.Release|Any CPU.ActiveCfg = Release|Any CPU
		{ECADC3C6-A2C0-4D50-9F3B-F0042EE08E9E}.Release|Any CPU.Build.0 = Release|Any CPU
	EndGlobalSection
	GlobalSection(SolutionProperties) = preSolution
		HideSolutionNode = FALSE
	EndGlobalSection
	GlobalSection(ExtensibilityGlobals) = postSolution
		SolutionGuid = {7D24A219-5C98-41D9-A46E-8AA0409C2343}
	EndGlobalSection
EndGlobal
